{
  "name": "js",
  "lockfileVersion": 3,
  "requires": true,
  "packages": {
    "": {
      "dependencies": {
        "minisearch": "^7.1.0",
        "porter-stemmer-js": "^1.1.2"
      }
    },
    "node_modules/minisearch": {
      "version": "7.1.0",
      "resolved": "https://registry.npmjs.org/minisearch/-/minisearch-7.1.0.tgz",
      "integrity": "sha512-tv7c/uefWdEhcu6hvrfTihflgeEi2tN6VV7HJnCjK6VxM75QQJh4t9FwJCsA2EsRS8LCnu3W87CuGPWMocOLCA==",
      "license": "MIT"
    },
    "node_modules/porter-stemmer-js": {
      "version": "1.1.2",
      "resolved": "https://registry.npmjs.org/porter-stemmer-js/-/porter-stemmer-js-1.1.2.tgz",
      "integrity": "sha512-VXo4yrgu2X7fJt/+bCarEzo/jxh3Fj1ItVAIYWEvrtRCyeZY3SoZc7bKr8uHerknmmRFT/aRgQWcqrOe5wgLOA==",
      "license": "MIT"
    }
  }
}
